
Microsoft Visual Studio Solution File, Format Version 12.00
# Visual Studio Version 16
VisualStudioVersion = 16.0.31005.135
MinimumVisualStudioVersion = 15.0.26124.0
Project("{2150E333-8FDC-42A3-9474-1A3956D46DE8}") = "src", "src", "{D867A6E1-D24E-44E3-A710-F72E10891B1D}"
EndProject
Project("{9A19103F-16F7-4668-BE54-9A1E7A4F7556}") = "BxTestTask", "src\Server\BxTestTask.csproj", "{B7EA1755-BAA4-4E97-9BCB-E5A9967969D0}"
EndProject
Project("{2150E333-8FDC-42A3-9474-1A3956D46DE8}") = "tests", "tests", "{2728B1D7-697D-435A-A6F3-D01159780288}"
EndProject
Project("{9A19103F-16F7-4668-BE54-9A1E7A4F7556}") = "ServerTests", "tests\ServerTests\ServerTests.csproj", "{F002C20E-FC5F-4C3E-A478-B12C709258CD}"
EndProject
Project("{9A19103F-16F7-4668-BE54-9A1E7A4F7556}") = "DataAccess.Abstraction", "src\DataAccess.Abstraction\DataAccess.Abstraction.csproj", "{F191B425-98E0-41B8-AE63-99144B6D0AA6}"
EndProject
Project("{9A19103F-16F7-4668-BE54-9A1E7A4F7556}") = "DataAccess.Inmemory", "src\DataAccess.Inmemory\DataAccess.Inmemory.csproj", "{FE23EE79-D37C-4257-BF3D-B5A1D6021622}"
EndProject
Project("{9A19103F-16F7-4668-BE54-9A1E7A4F7556}") = "BussinessLogic.Abstraction", "src\BussinessLogic.Abstraction\BussinessLogic.Abstraction.csproj", "{6DD91630-E65B-48B3-8E25-7DEEA32B9BA7}"
EndProject
Project("{9A19103F-16F7-4668-BE54-9A1E7A4F7556}") = "BussinessLogic.Handlers", "src\BussinessLogic.Handlers\BussinessLogic.Handlers.csproj", "{216C9C78-FC45-41B1-8F59-5122CF4C8144}"
EndProject
Project("{FAE04EC0-301F-11D3-BF4B-00C04F79EFBC}") = "Service", "src\Service\Service.csproj", "{A1569BDD-DAFA-4314-A94E-3AA355E0E626}"
EndProject
Project("{FAE04EC0-301F-11D3-BF4B-00C04F79EFBC}") = "Shared", "src\Shared\Shared.csproj", "{AC85F2EC-D4AE-48C3-8BBF-623FD3BA5C9A}"
EndProject
Project("{FAE04EC0-301F-11D3-BF4B-00C04F79EFBC}") = "Service.Abstraction", "src\Service.Abstraction\Service.Abstraction.csproj", "{1C770039-D8CC-4592-AE90-E853A857D8E1}"
EndProject
Global
	GlobalSection(SolutionConfigurationPlatforms) = preSolution
		Debug|Any CPU = Debug|Any CPU
		Debug|x64 = Debug|x64
		Debug|x86 = Debug|x86
		Release|Any CPU = Release|Any CPU
		Release|x64 = Release|x64
		Release|x86 = Release|x86
	EndGlobalSection
	GlobalSection(ProjectConfigurationPlatforms) = postSolution
		{B7EA1755-BAA4-4E97-9BCB-E5A9967969D0}.Debug|Any CPU.ActiveCfg = Debug|Any CPU
		{B7EA1755-BAA4-4E97-9BCB-E5A9967969D0}.Debug|Any CPU.Build.0 = Debug|Any CPU
		{B7EA1755-BAA4-4E97-9BCB-E5A9967969D0}.Debug|x64.ActiveCfg = Debug|Any CPU
		{B7EA1755-BAA4-4E97-9BCB-E5A9967969D0}.Debug|x64.Build.0 = Debug|Any CPU
		{B7EA1755-BAA4-4E97-9BCB-E5A9967969D0}.Debug|x86.ActiveCfg = Debug|Any CPU
		{B7EA1755-BAA4-4E97-9BCB-E5A9967969D0}.Debug|x86.Build.0 = Debug|Any CPU
		{B7EA1755-BAA4-4E97-9BCB-E5A9967969D0}.Release|Any CPU.ActiveCfg = Release|Any CPU
		{B7EA1755-BAA4-4E97-9BCB-E5A9967969D0}.Release|Any CPU.Build.0 = Release|Any CPU
		{B7EA1755-BAA4-4E97-9BCB-E5A9967969D0}.Release|x64.ActiveCfg = Release|Any CPU
		{B7EA1755-BAA4-4E97-9BCB-E5A9967969D0}.Release|x64.Build.0 = Release|Any CPU
		{B7EA1755-BAA4-4E97-9BCB-E5A9967969D0}.Release|x86.ActiveCfg = Release|Any CPU
		{B7EA1755-BAA4-4E97-9BCB-E5A9967969D0}.Release|x86.Build.0 = Release|Any CPU
		{F002C20E-FC5F-4C3E-A478-B12C709258CD}.Debug|Any CPU.ActiveCfg = Debug|Any CPU
		{F002C20E-FC5F-4C3E-A478-B12C709258CD}.Debug|Any CPU.Build.0 = Debug|Any CPU
		{F002C20E-FC5F-4C3E-A478-B12C709258CD}.Debug|x64.ActiveCfg = Debug|Any CPU
		{F002C20E-FC5F-4C3E-A478-B12C709258CD}.Debug|x64.Build.0 = Debug|Any CPU
		{F002C20E-FC5F-4C3E-A478-B12C709258CD}.Debug|x86.ActiveCfg = Debug|Any CPU
		{F002C20E-FC5F-4C3E-A478-B12C709258CD}.Debug|x86.Build.0 = Debug|Any CPU
		{F002C20E-FC5F-4C3E-A478-B12C709258CD}.Release|Any CPU.ActiveCfg = Release|Any CPU
		{F002C20E-FC5F-4C3E-A478-B12C709258CD}.Release|Any CPU.Build.0 = Release|Any CPU
		{F002C20E-FC5F-4C3E-A478-B12C709258CD}.Release|x64.ActiveCfg = Release|Any CPU
		{F002C20E-FC5F-4C3E-A478-B12C709258CD}.Release|x64.Build.0 = Release|Any CPU
		{F002C20E-FC5F-4C3E-A478-B12C709258CD}.Release|x86.ActiveCfg = Release|Any CPU
		{F002C20E-FC5F-4C3E-A478-B12C709258CD}.Release|x86.Build.0 = Release|Any CPU
		{F191B425-98E0-41B8-AE63-99144B6D0AA6}.Debug|Any CPU.ActiveCfg = Debug|Any CPU
		{F191B425-98E0-41B8-AE63-99144B6D0AA6}.Debug|Any CPU.Build.0 = Debug|Any CPU
		{F191B425-98E0-41B8-AE63-99144B6D0AA6}.Debug|x64.ActiveCfg = Debug|Any CPU
		{F191B425-98E0-41B8-AE63-99144B6D0AA6}.Debug|x64.Build.0 = Debug|Any CPU
		{F191B425-98E0-41B8-AE63-99144B6D0AA6}.Debug|x86.ActiveCfg = Debug|Any CPU
		{F191B425-98E0-41B8-AE63-99144B6D0AA6}.Debug|x86.Build.0 = Debug|Any CPU
		{F191B425-98E0-41B8-AE63-99144B6D0AA6}.Release|Any CPU.ActiveCfg = Release|Any CPU
		{F191B425-98E0-41B8-AE63-99144B6D0AA6}.Release|Any CPU.Build.0 = Release|Any CPU
		{F191B425-98E0-41B8-AE63-99144B6D0AA6}.Release|x64.ActiveCfg = Release|Any CPU
		{F191B425-98E0-41B8-AE63-99144B6D0AA6}.Release|x64.Build.0 = Release|Any CPU
		{F191B425-98E0-41B8-AE63-99144B6D0AA6}.Release|x86.ActiveCfg = Release|Any CPU
		{F191B425-98E0-41B8-AE63-99144B6D0AA6}.Release|x86.Build.0 = Release|Any CPU
		{FE23EE79-D37C-4257-BF3D-B5A1D6021622}.Debug|Any CPU.ActiveCfg = Debug|Any CPU
		{FE23EE79-D37C-4257-BF3D-B5A1D6021622}.Debug|Any CPU.Build.0 = Debug|Any CPU
		{FE23EE79-D37C-4257-BF3D-B5A1D6021622}.Debug|x64.ActiveCfg = Debug|Any CPU
		{FE23EE79-D37C-4257-BF3D-B5A1D6021622}.Debug|x64.Build.0 = Debug|Any CPU
		{FE23EE79-D37C-4257-BF3D-B5A1D6021622}.Debug|x86.ActiveCfg = Debug|Any CPU
		{FE23EE79-D37C-4257-BF3D-B5A1D6021622}.Debug|x86.Build.0 = Debug|Any CPU
		{FE23EE79-D37C-4257-BF3D-B5A1D6021622}.Release|Any CPU.ActiveCfg = Release|Any CPU
		{FE23EE79-D37C-4257-BF3D-B5A1D6021622}.Release|Any CPU.Build.0 = Release|Any CPU
		{FE23EE79-D37C-4257-BF3D-B5A1D6021622}.Release|x64.ActiveCfg = Release|Any CPU
		{FE23EE79-D37C-4257-BF3D-B5A1D6021622}.Release|x64.Build.0 = Release|Any CPU
		{FE23EE79-D37C-4257-BF3D-B5A1D6021622}.Release|x86.ActiveCfg = Release|Any CPU
		{FE23EE79-D37C-4257-BF3D-B5A1D6021622}.Release|x86.Build.0 = Release|Any CPU
		{6DD91630-E65B-48B3-8E25-7DEEA32B9BA7}.Debug|Any CPU.ActiveCfg = Debug|Any CPU
		{6DD91630-E65B-48B3-8E25-7DEEA32B9BA7}.Debug|Any CPU.Build.0 = Debug|Any CPU
		{6DD91630-E65B-48B3-8E25-7DEEA32B9BA7}.Debug|x64.ActiveCfg = Debug|Any CPU
		{6DD91630-E65B-48B3-8E25-7DEEA32B9BA7}.Debug|x64.Build.0 = Debug|Any CPU
		{6DD91630-E65B-48B3-8E25-7DEEA32B9BA7}.Debug|x86.ActiveCfg = Debug|Any CPU
		{6DD91630-E65B-48B3-8E25-7DEEA32B9BA7}.Debug|x86.Build.0 = Debug|Any CPU
		{6DD91630-E65B-48B3-8E25-7DEEA32B9BA7}.Release|Any CPU.ActiveCfg = Release|Any CPU
		{6DD91630-E65B-48B3-8E25-7DEEA32B9BA7}.Release|Any CPU.Build.0 = Release|Any CPU
		{6DD91630-E65B-48B3-8E25-7DEEA32B9BA7}.Release|x64.ActiveCfg = Release|Any CPU
		{6DD91630-E65B-48B3-8E25-7DEEA32B9BA7}.Release|x64.Build.0 = Release|Any CPU
		{6DD91630-E65B-48B3-8E25-7DEEA32B9BA7}.Release|x86.ActiveCfg = Release|Any CPU
		{6DD91630-E65B-48B3-8E25-7DEEA32B9BA7}.Release|x86.Build.0 = Release|Any CPU
		{216C9C78-FC45-41B1-8F59-5122CF4C8144}.Debug|Any CPU.ActiveCfg = Debug|Any CPU
		{216C9C78-FC45-41B1-8F59-5122CF4C8144}.Debug|Any CPU.Build.0 = Debug|Any CPU
		{216C9C78-FC45-41B1-8F59-5122CF4C8144}.Debug|x64.ActiveCfg = Debug|Any CPU
		{216C9C78-FC45-41B1-8F59-5122CF4C8144}.Debug|x64.Build.0 = Debug|Any CPU
		{216C9C78-FC45-41B1-8F59-5122CF4C8144}.Debug|x86.ActiveCfg = Debug|Any CPU
		{216C9C78-FC45-41B1-8F59-5122CF4C8144}.Debug|x86.Build.0 = Debug|Any CPU
		{216C9C78-FC45-41B1-8F59-5122CF4C8144}.Release|Any CPU.ActiveCfg = Release|Any CPU
		{216C9C78-FC45-41B1-8F59-5122CF4C8144}.Release|Any CPU.Build.0 = Release|Any CPU
		{216C9C78-FC45-41B1-8F59-5122CF4C8144}.Release|x64.ActiveCfg = Release|Any CPU
		{216C9C78-FC45-41B1-8F59-5122CF4C8144}.Release|x64.Build.0 = Release|Any CPU
		{216C9C78-FC45-41B1-8F59-5122CF4C8144}.Release|x86.ActiveCfg = Release|Any CPU
		{216C9C78-FC45-41B1-8F59-5122CF4C8144}.Release|x86.Build.0 = Release|Any CPU
		{A1569BDD-DAFA-4314-A94E-3AA355E0E626}.Debug|Any CPU.ActiveCfg = Debug|Any CPU
		{A1569BDD-DAFA-4314-A94E-3AA355E0E626}.Debug|Any CPU.Build.0 = Debug|Any CPU
		{A1569BDD-DAFA-4314-A94E-3AA355E0E626}.Debug|x64.ActiveCfg = Debug|Any CPU
		{A1569BDD-DAFA-4314-A94E-3AA355E0E626}.Debug|x64.Build.0 = Debug|Any CPU
		{A1569BDD-DAFA-4314-A94E-3AA355E0E626}.Debug|x86.ActiveCfg = Debug|Any CPU
		{A1569BDD-DAFA-4314-A94E-3AA355E0E626}.Debug|x86.Build.0 = Debug|Any CPU
		{A1569BDD-DAFA-4314-A94E-3AA355E0E626}.Release|Any CPU.ActiveCfg = Release|Any CPU
		{A1569BDD-DAFA-4314-A94E-3AA355E0E626}.Release|Any CPU.Build.0 = Release|Any CPU
		{A1569BDD-DAFA-4314-A94E-3AA355E0E626}.Release|x64.ActiveCfg = Release|Any CPU
		{A1569BDD-DAFA-4314-A94E-3AA355E0E626}.Release|x64.Build.0 = Release|Any CPU
		{A1569BDD-DAFA-4314-A94E-3AA355E0E626}.Release|x86.ActiveCfg = Release|Any CPU
		{A1569BDD-DAFA-4314-A94E-3AA355E0E626}.Release|x86.Build.0 = Release|Any CPU
		{AC85F2EC-D4AE-48C3-8BBF-623FD3BA5C9A}.Debug|Any CPU.ActiveCfg = Debug|Any CPU
		{AC85F2EC-D4AE-48C3-8BBF-623FD3BA5C9A}.Debug|Any CPU.Build.0 = Debug|Any CPU
		{AC85F2EC-D4AE-48C3-8BBF-623FD3BA5C9A}.Debug|x64.ActiveCfg = Debug|Any CPU
		{AC85F2EC-D4AE-48C3-8BBF-623FD3BA5C9A}.Debug|x64.Build.0 = Debug|Any CPU
		{AC85F2EC-D4AE-48C3-8BBF-623FD3BA5C9A}.Debug|x86.ActiveCfg = Debug|Any CPU
		{AC85F2EC-D4AE-48C3-8BBF-623FD3BA5C9A}.Debug|x86.Build.0 = Debug|Any CPU
		{AC85F2EC-D4AE-48C3-8BBF-623FD3BA5C9A}.Release|Any CPU.ActiveCfg = Release|Any CPU
		{AC85F2EC-D4AE-48C3-8BBF-623FD3BA5C9A}.Release|Any CPU.Build.0 = Release|Any CPU
		{AC85F2EC-D4AE-48C3-8BBF-623FD3BA5C9A}.Release|x64.ActiveCfg = Release|Any CPU
		{AC85F2EC-D4AE-48C3-8BBF-623FD3BA5C9A}.Release|x64.Build.0 = Release|Any CPU
		{AC85F2EC-D4AE-48C3-8BBF-623FD3BA5C9A}.Release|x86.ActiveCfg = Release|Any CPU
		{AC85F2EC-D4AE-48C3-8BBF-623FD3BA5C9A}.Release|x86.Build.0 = Release|Any CPU
		{1C770039-D8CC-4592-AE90-E853A857D8E1}.Debug|Any CPU.ActiveCfg = Debug|Any CPU
		{1C770039-D8CC-4592-AE90-E853A857D8E1}.Debug|Any CPU.Build.0 = Debug|Any CPU
		{1C770039-D8CC-4592-AE90-E853A857D8E1}.Debug|x64.ActiveCfg = Debug|Any CPU
		{1C770039-D8CC-4592-AE90-E853A857D8E1}.Debug|x64.Build.0 = Debug|Any CPU
		{1C770039-D8CC-4592-AE90-E853A857D8E1}.Debug|x86.ActiveCfg = Debug|Any CPU
		{1C770039-D8CC-4592-AE90-E853A857D8E1}.Debug|x86.Build.0 = Debug|Any CPU
		{1C770039-D8CC-4592-AE90-E853A857D8E1}.Release|Any CPU.ActiveCfg = Release|Any CPU
		{1C770039-D8CC-4592-AE90-E853A857D8E1}.Release|Any CPU.Build.0 = Release|Any CPU
		{1C770039-D8CC-4592-AE90-E853A857D8E1}.Release|x64.ActiveCfg = Release|Any CPU
		{1C770039-D8CC-4592-AE90-E853A857D8E1}.Release|x64.Build.0 = Release|Any CPU
		{1C770039-D8CC-4592-AE90-E853A857D8E1}.Release|x86.ActiveCfg = Release|Any CPU
		{1C770039-D8CC-4592-AE90-E853A857D8E1}.Release|x86.Build.0 = Release|Any CPU
	EndGlobalSection
	GlobalSection(SolutionProperties) = preSolution
		HideSolutionNode = FALSE
	EndGlobalSection
	GlobalSection(NestedProjects) = preSolution
		{B7EA1755-BAA4-4E97-9BCB-E5A9967969D0} = {D867A6E1-D24E-44E3-A710-F72E10891B1D}
		{F002C20E-FC5F-4C3E-A478-B12C709258CD} = {2728B1D7-697D-435A-A6F3-D01159780288}
		{F191B425-98E0-41B8-AE63-99144B6D0AA6} = {D867A6E1-D24E-44E3-A710-F72E10891B1D}
		{FE23EE79-D37C-4257-BF3D-B5A1D6021622} = {D867A6E1-D24E-44E3-A710-F72E10891B1D}
		{6DD91630-E65B-48B3-8E25-7DEEA32B9BA7} = {D867A6E1-D24E-44E3-A710-F72E10891B1D}
		{216C9C78-FC45-41B1-8F59-5122CF4C8144} = {D867A6E1-D24E-44E3-A710-F72E10891B1D}
		{A1569BDD-DAFA-4314-A94E-3AA355E0E626} = {D867A6E1-D24E-44E3-A710-F72E10891B1D}
		{AC85F2EC-D4AE-48C3-8BBF-623FD3BA5C9A} = {D867A6E1-D24E-44E3-A710-F72E10891B1D}
		{1C770039-D8CC-4592-AE90-E853A857D8E1} = {D867A6E1-D24E-44E3-A710-F72E10891B1D}
	EndGlobalSection
	GlobalSection(ExtensibilityGlobals) = postSolution
		SolutionGuid = {B86AD78B-1237-4E2E-939F-21FC59488161}
	EndGlobalSection
EndGlobal
